[[package]]
name = "pycountry"
version = "20.7.3"
description = "ISO country, subdivision, language, currency and script definitions and their translations"
category = "main"
optional = false
python-versions = "*"

[metadata]
lock-version = "1.1"
python-versions = "^3.8"
content-hash = "1f1a2bb5f462c4d42d2affc184a830b2e2e3a7d6b656f68c17a537c1c7865848"

[metadata.files]
pycountry = [
    {file = "pycountry-20.7.3.tar.gz", hash = "sha256:81084a53d3454344c0292deebc20fcd0a1488c136d4900312cbd465cf552cb42"},
]
